// !$*UTF8*$!
{
	archiveVersion = 1;
	classes = {
	};
	objectVersion = 50;
	objects = {

/* Begin PBXBuildFile section */
		C867AB8B2657B28400A6E4AD /* AppDelegate.swift in Sources */ = {isa = PBXBuildFile; fileRef = C867AB8A2657B28400A6E4AD /* AppDelegate.swift */; };
		C867AB8D2657B28400A6E4AD /* ContentView.swift in Sources */ = {isa = PBXBuildFile; fileRef = C867AB8C2657B28400A6E4AD /* ContentView.swift */; };
		C867AB8F2657B28400A6E4AD /* Experience.rcproject in Sources */ = {isa = PBXBuildFile; fileRef = C867AB8E2657B28400A6E4AD /* Experience.rcproject */; };
		C867AB912657B28600A6E4AD /* Assets.xcassets in Resources */ = {isa = PBXBuildFile; fileRef = C867AB902657B28600A6E4AD /* Assets.xcassets */; };
		C867AB942657B28600A6E4AD /* Preview Assets.xcassets in Resources */ = {isa = PBXBuildFile; fileRef = C867AB932657B28600A6E4AD /* Preview Assets.xcassets */; };
		C867AB972657B28600A6E4AD /* LaunchScreen.storyboard in Resources */ = {isa = PBXBuildFile; fileRef = C867AB952657B28600A6E4AD /* LaunchScreen.storyboard */; };
/* End PBXBuildFile section */

/* Begin PBXFileReference section */
		C867AB872657B28400A6E4AD /* RealityListener.app */ = {isa = PBXFileReference; explicitFileType = wrapper.application; includeInIndex = 0; path = RealityListener.app; sourceTree = BUILT_PRODUCTS_DIR; };
		C867AB8A2657B28400A6E4AD /* AppDelegate.swift */ = {isa = PBXFileReference; lastKnownFileType = sourcecode.swift; path = AppDelegate.swift; sourceTree = "<group>"; };
		C867AB8C2657B28400A6E4AD /* ContentView.swift */ = {isa = PBXFileReference; lastKnownFileType = sourcecode.swift; path = ContentView.swift; sourceTree = "<group>"; };
		C867AB8E2657B28400A6E4AD /* Experience.rcproject */ = {isa = PBXFileReference; lastKnownFileType = file.rcproject; path = Experience.rcproject; sourceTree = "<group>"; };
		C867AB902657B28600A6E4AD /* Assets.xcassets */ = {isa = PBXFileReference; lastKnownFileType = folder.assetcatalog; path = Assets.xcassets; sourceTree = "<group>"; };
		C867AB932657B28600A6E4AD /* Preview Assets.xcassets */ = {isa = PBXFileReference; lastKnownFileType = folder.assetcatalog; path = "Preview Assets.xcassets"; sourceTree = "<group>"; };
		C867AB962657B28600A6E4AD /* Base */ = {isa = PBXFileReference; lastKnownFileType = file.storyboard; name = Base; path = Base.lproj/LaunchScreen.storyboard; sourceTree = "<group>"; };
		C867AB982657B28600A6E4AD /* Info.plist */ = {isa = PBXFileReference; lastKnownFileType = text.plist.xml; path = Info.plist; sourceTree = "<group>"; };
/* End PBXFileReference section */

/* Begin PBXFrameworksBuildPhase section */
		C867AB842657B28400A6E4AD /* Frameworks */ = {
			isa = PBXFrameworksBuildPhase;
			buildActionMask = 2147483647;
			files = (
			);
			runOnlyForDeploymentPostprocessing = 0;
		};
/* End PBXFrameworksBuildPhase section */

/* Begin PBXGroup section */
		C867AB7E2657B28400A6E4AD = {
			isa = PBXGroup;
			children = (
				C867AB892657B28400A6E4AD /* RealityListener */,
				C867AB882657B28400A6E4AD /* Products */,
			);
			sourceTree = "<group>";
		};
		C867AB882657B28400A6E4AD /* Products */ = {
			isa = PBXGroup;
			children = (
				C867AB872657B28400A6E4AD /* RealityListener.app */,
			);
			name = Products;
			sourceTree = "<group>";
		};
		C867AB892657B28400A6E4AD /* RealityListener */ = {
			isa = PBXGroup;
			children = (
				C867AB8A2657B28400A6E4AD /* AppDelegate.swift */,
				C867AB8C2657B28400A6E4AD /* ContentView.swift */,
				C867AB8E2657B28400A6E4AD /* Experience.rcproject */,
				C867AB902657B28600A6E4AD /* Assets.xcassets */,
				C867AB952657B28600A6E4AD /* LaunchScreen.storyboard */,
				C867AB982657B28600A6E4AD /* Info.plist */,
				C867AB922657B28600A6E4AD /* Preview Content */,
			);
			path = RealityListener;
			sourceTree = "<group>";
		};
		C867AB922657B28600A6E4AD /* Preview Content */ = {
			isa = PBXGroup;
			children = (
				C867AB932657B28600A6E4AD /* Preview Assets.xcassets */,
			);
			path = "Preview Content";
			sourceTree = "<group>";
		};
/* End PBXGroup section */

/* Begin PBXNativeTarget section */
		C867AB862657B28400A6E4AD /* RealityListener */ = {
			isa = PBXNativeTarget;
			buildConfigurationList = C867AB9B2657B28600A6E4AD /* Build configuration list for PBXNativeTarget "RealityListener" */;
			buildPhases = (
				C867AB832657B28400A6E4AD /* Sources */,
				C867AB842657B28400A6E4AD /* Frameworks */,
				C867AB852657B28400A6E4AD /* Resources */,
			);
			buildRules = (
			);
			dependencies = (
			);
			name = RealityListener;
			productName = RealityListener;
			productReference = C867AB872657B28400A6E4AD /* RealityListener.app */;
			productType = "com.apple.product-type.application";
		};
/* End PBXNativeTarget section */

/* Begin PBXProject section */
		C867AB7F2657B28400A6E4AD /* Project object */ = {
			isa = PBXProject;
			attributes = {
				LastSwiftUpdateCheck = 1250;
				LastUpgradeCheck = 1250;
				TargetAttributes = {
					C867AB862657B28400A6E4AD = {
						CreatedOnToolsVersion = 12.5;
					};
				};
			};
			buildConfigurationList = C867AB822657B28400A6E4AD /* Build configuration list for PBXProject "RealityListener" */;
			compatibilityVersion = "Xcode 9.3";
			developmentRegion = en;
			hasScannedForEncodings = 0;
			knownRegions = (
				en,
				Base,
			);
			mainGroup = C867AB7E2657B28400A6E4AD;
			productRefGroup = C867AB882657B28400A6E4AD /* Products */;
			projectDirPath = "";
			projectRoot = "";
			targets = (
				C867AB862657B28400A6E4AD /* RealityListener */,
			);
		};
/* End PBXProject section */

/* Begin PBXResourcesBuildPhase section */
		C867AB852657B28400A6E4AD /* Resources */ = {
			isa = PBXResourcesBuildPhase;
			buildActionMask = 2147483647;
			files = (
				C867AB972657B28600A6E4AD /* LaunchScreen.storyboard in Resources */,
				C867AB942657B28600A6E4AD /* Preview Assets.xcassets in Resources */,
				C867AB912657B28600A6E4AD /* Assets.xcassets in Resources */,
			);
			runOnlyForDeploymentPostprocessing = 0;
		};
/* End PBXResourcesBuildPhase section */

/* Begin PBXSourcesBuildPhase section */
		C867AB832657B28400A6E4AD /* Sources */ = {
			isa = PBXSourcesBuildPhase;
			buildActionMask = 2147483647;
			files = (
				C867AB8D2657B28400A6E4AD /* ContentView.swift in Sources */,
				C867AB8B2657B28400A6E4AD /* AppDelegate.swift in Sources */,
				C867AB8F2657B28400A6E4AD /* Experience.rcproject in Sources */,
			);
			runOnlyForDeploymentPostprocessing = 0;
		};
/* End PBXSourcesBuildPhase section */

/* Begin PBXVariantGroup section */
		C867AB952657B28600A6E4AD /* LaunchScreen.storyboard */ = {
			isa = PBXVariantGroup;
			children = (
				C867AB962657B28600A6E4AD /* Base */,
			);
			name = LaunchScreen.storyboard;
			sourceTree = "<group>";
		};
/* End PBXVariantGroup section */

/* Begin XCBuildConfiguration section */
		C867AB992657B28600A6E4AD /* Debug */ = {
			isa = XCBuildConfiguration;
			buildSettings = {
				ALWAYS_SEARCH_USER_PATHS = NO;
				CLANG_ANALYZER_NONNULL = YES;
				CLANG_ANALYZER_NUMBER_OBJECT_CONVERSION = YES_AGGRESSIVE;
				CLANG_CXX_LANGUAGE_STANDARD = "gnu++14";
				CLANG_CXX_LIBRARY = "libc++";
				CLANG_ENABLE_MODULES = YES;
				CLANG_ENABLE_OBJC_ARC = YES;
				CLANG_ENABLE_OBJC_WEAK = YES;
				CLANG_WARN_BLOCK_CAPTURE_AUTORELEASING = YES;
				CLANG_WARN_BOOL_CONVERSION = YES;
				CLANG_WARN_COMMA = YES;
				CLANG_WARN_CONSTANT_CONVERSION = YES;
				CLANG_WARN_DEPRECATED_OBJC_IMPLEMENTATIONS = YES;
				CLANG_WARN_DIRECT_OBJC_ISA_USAGE = YES_ERROR;
				CLANG_WARN_DOCUMENTATION_COMMENTS = YES;
				CLANG_WARN_EMPTY_BODY = YES;
				CLANG_WARN_ENUM_CONVERSION = YES;
				CLANG_WARN_INFINITE_RECURSION = YES;
				CLANG_WARN_INT_CONVERSION = YES;
				CLANG_WARN_NON_LITERAL_NULL_CONVERSION = YES;
				CLANG_WARN_OBJC_IMPLICIT_RETAIN_SELF = YES;
				CLANG_WARN_OBJC_LITERAL_CONVERSION = YES;
				CLANG_WARN_OBJC_ROOT_CLASS = YES_ERROR;
				CLANG_WARN_QUOTED_INCLUDE_IN_FRAMEWORK_HEADER = YES;
				CLANG_WARN_RANGE_LOOP_ANALYSIS = YES;
				CLANG_WARN_STRICT_PROTOTYPES = YES;
				CLANG_WARN_SUSPICIOUS_MOVE = YES;
				CLANG_WARN_UNGUARDED_AVAILABILITY = YES_AGGRESSIVE;
				CLANG_WARN_UNREACHABLE_CODE = YES;
				CLANG_WARN__DUPLICATE_METHOD_MATCH = YES;
				COPY_PHASE_STRIP = NO;
				DEBUG_INFORMATION_FORMAT = dwarf;
				ENABLE_STRICT_OBJC_MSGSEND = YES;
				ENABLE_TESTABILITY = YES;
				GCC_C_LANGUAGE_STANDARD = gnu11;
				GCC_DYNAMIC_NO_PIC = NO;
				GCC_NO_COMMON_BLOCKS = YES;
				GCC_OPTIMIZATION_LEVEL = 0;
				GCC_PREPROCESSOR_DEFINITIONS = (
					"DEBUG=1",
					"$(inherited)",
				);
				GCC_WARN_64_TO_32_BIT_CONVERSION = YES;
				GCC_WARN_ABOUT_RETURN_TYPE = YES_ERROR;
				GCC_WARN_UNDECLARED_SELECTOR = YES;
				GCC_WARN_UNINITIALIZED_AUTOS = YES_AGGRESSIVE;
				GCC_WARN_UNUSED_FUNCTION = YES;
				GCC_WARN_UNUSED_VARIABLE = YES;
				IPHONEOS_DEPLOYMENT_TARGET = 14.5;
				MTL_ENABLE_DEBUG_INFO = INCLUDE_SOURCE;
				MTL_FAST_MATH = YES;
				ONLY_ACTIVE_ARCH = YES;
				SDKROOT = iphoneos;
				SWIFT_ACTIVE_COMPILATION_CONDITIONS = DEBUG;
				SWIFT_OPTIMIZATION_LEVEL = "-Onone";
			};
			name = Debug;
		};
		C867AB9A2657B28600A6E4AD /* Release */ = {
			isa = XCBuildConfiguration;
			buildSettings = {
				ALWAYS_SEARCH_USER_PATHS = NO;
				CLANG_ANALYZER_NONNULL = YES;
				CLANG_ANALYZER_NUMBER_OBJECT_CONVERSION = YES_AGGRESSIVE;
				CLANG_CXX_LANGUAGE_STANDARD = "gnu++14";
				CLANG_CXX_LIBRARY = "libc++";
				CLANG_ENABLE_MODULES = YES;
				CLANG_ENABLE_OBJC_ARC = YES;
				CLANG_ENABLE_OBJC_WEAK = YES;
				CLANG_WARN_BLOCK_CAPTURE_AUTORELEASING = YES;
				CLANG_WARN_BOOL_CONVERSION = YES;
				CLANG_WARN_COMMA = YES;
				CLANG_WARN_CONSTANT_CONVERSION = YES;
				CLANG_WARN_DEPRECATED_OBJC_IMPLEMENTATIONS = YES;
				CLANG_WARN_DIRECT_OBJC_ISA_USAGE = YES_ERROR;
				CLANG_WARN_DOCUMENTATION_COMMENTS = YES;
				CLANG_WARN_EMPTY_BODY = YES;
				CLANG_WARN_ENUM_CONVERSION = YES;
				CLANG_WARN_INFINITE_RECURSION = YES;
				CLANG_WARN_INT_CONVERSION = YES;
				CLANG_WARN_NON_LITERAL_NULL_CONVERSION = YES;
				CLANG_WARN_OBJC_IMPLICIT_RETAIN_SELF = YES;
				CLANG_WARN_OBJC_LITERAL_CONVERSION = YES;
				CLANG_WARN_OBJC_ROOT_CLASS = YES_ERROR;
				CLANG_WARN_QUOTED_INCLUDE_IN_FRAMEWORK_HEADER = YES;
				CLANG_WARN_RANGE_LOOP_ANALYSIS = YES;
				CLANG_WARN_STRICT_PROTOTYPES = YES;
				CLANG_WARN_SUSPICIOUS_MOVE = YES;
				CLANG_WARN_UNGUARDED_AVAILABILITY = YES_AGGRESSIVE;
				CLANG_WARN_UNREACHABLE_CODE = YES;
				CLANG_WARN__DUPLICATE_METHOD_MATCH = YES;
				COPY_PHASE_STRIP = NO;
				DEBUG_INFORMATION_FORMAT = "dwarf-with-dsym";
				ENABLE_NS_ASSERTIONS = NO;
				ENABLE_STRICT_OBJC_MSGSEND = YES;
				GCC_C_LANGUAGE_STANDARD = gnu11;
				GCC_NO_COMMON_BLOCKS = YES;
				GCC_WARN_64_TO_32_BIT_CONVERSION = YES;
				GCC_WARN_ABOUT_RETURN_TYPE = YES_ERROR;
				GCC_WARN_UNDECLARED_SELECTOR = YES;
				GCC_WARN_UNINITIALIZED_AUTOS = YES_AGGRESSIVE;
				GCC_WARN_UNUSED_FUNCTION = YES;
				GCC_WARN_UNUSED_VARIABLE = YES;
				IPHONEOS_DEPLOYMENT_TARGET = 14.5;
				MTL_ENABLE_DEBUG_INFO = NO;
				MTL_FAST_MATH = YES;
				SDKROOT = iphoneos;
				SWIFT_COMPILATION_MODE = wholemodule;
				SWIFT_OPTIMIZATION_LEVEL = "-O";
				VALIDATE_PRODUCT = YES;
			};
			name = Release;
		};
		C867AB9C2657B28600A6E4AD /* Debug */ = {
			isa = XCBuildConfiguration;
			buildSettings = {
				ASSETCATALOG_COMPILER_APPICON_NAME = AppIcon;
				ASSETCATALOG_COMPILER_GLOBAL_ACCENT_COLOR_NAME = AccentColor;
				CODE_SIGN_STYLE = Automatic;
				DEVELOPMENT_ASSET_PATHS = "\"RealityListener/Preview Content\"";
				DEVELOPMENT_TEAM = UDGLB23X37;
				ENABLE_PREVIEWS = YES;
				INFOPLIST_FILE = RealityListener/Info.plist;
				LD_RUNPATH_SEARCH_PATHS = (
					"$(inherited)",
					"@executable_path/Frameworks",
				);
				PRODUCT_BUNDLE_IDENTIFIER = app.otato.RealityListener;
				PRODUCT_NAME = "$(TARGET_NAME)";
				SWIFT_VERSION = 5.0;
				TARGETED_DEVICE_FAMILY = "1,2";
			};
			name = Debug;
		};
		C867AB9D2657B28600A6E4AD /* Release */ = {
			isa = XCBuildConfiguration;
			buildSettings = {
				ASSETCATALOG_COMPILER_APPICON_NAME = AppIcon;
				ASSETCATALOG_COMPILER_GLOBAL_ACCENT_COLOR_NAME = AccentColor;
				CODE_SIGN_STYLE = Automatic;
				DEVELOPMENT_ASSET_PATHS = "\"RealityListener/Preview Content\"";
				DEVELOPMENT_TEAM = UDGLB23X37;
				ENABLE_PREVIEWS = YES;
				INFOPLIST_FILE = RealityListener/Info.plist;
				LD_RUNPATH_SEARCH_PATHS = (
					"$(inherited)",
					"@executable_path/Frameworks",
				);
				PRODUCT_BUNDLE_IDENTIFIER = app.otato.RealityListener;
				PRODUCT_NAME = "$(TARGET_NAME)";
				SWIFT_VERSION = 5.0;
				TARGETED_DEVICE_FAMILY = "1,2";
			};
			name = Release;
		};
/* End XCBuildConfiguration section */

/* Begin XCConfigurationList section */
		C867AB822657B28400A6E4AD /* Build configuration list for PBXProject "RealityListener" */ = {
			isa = XCConfigurationList;
			buildConfigurations = (
				C867AB992657B28600A6E4AD /* Debug */,
				C867AB9A2657B28600A6E4AD /* Release */,
			);
			defaultConfigurationIsVisible = 0;
			defaultConfigurationName = Release;
		};
		C867AB9B2657B28600A6E4AD /* Build configuration list for PBXNativeTarget "RealityListener" */ = {
			isa = XCConfigurationList;
			buildConfigurations = (
				C867AB9C2657B28600A6E4AD /* Debug */,
				C867AB9D2657B28600A6E4AD /* Release */,
			);
			defaultConfigurationIsVisible = 0;
			defaultConfigurationName = Release;
		};
/* End XCConfigurationList section */
	};
	rootObject = C867AB7F2657B28400A6E4AD /* Project object */;
}
